
Microsoft Visual Studio Solution File, Format Version 12.00
# Visual Studio 15
VisualStudioVersion = 15.0.28307.421
MinimumVisualStudioVersion = 10.0.40219.1
Project("{FAE04EC0-301F-11D3-BF4B-00C04F79EFBC}") = "Sample.DotNetCore", "Sample.DotNetCore\Sample.DotNetCore.csproj", "{DC56C9F9-89E5-4580-8BDB-1E129D817DCB}"
EndProject
Global
	GlobalSection(SolutionConfigurationPlatforms) = preSolution
		Debug|Any CPU = Debug|Any CPU
		Release|Any CPU = Release|Any CPU
	EndGlobalSection
	GlobalSection(ProjectConfigurationPlatforms) = postSolution
		{DC56C9F9-89E5-4580-8BDB-1E129D817DCB}.Debug|Any CPU.ActiveCfg = Debug|Any CPU
		{DC56C9F9-89E5-4580-8BDB-1E129D817DCB}.Debug|Any CPU.Build.0 = Debug|Any CPU
		{DC56C9F9-89E5-4580-8BDB-1E129D817DCB}.Release|Any CPU.ActiveCfg = Release|Any CPU
		{DC56C9F9-89E5-4580-8BDB-1E129D817DCB}.Release|Any CPU.Build.0 = Release|Any CPU
	EndGlobalSection
	GlobalSection(SolutionProperties) = preSolution
		HideSolutionNode = FALSE
	EndGlobalSection
	GlobalSection(ExtensibilityGlobals) = postSolution
		SolutionGuid = {CA23DF1D-9294-4BAD-8802-1CC23E46DC6F}
	EndGlobalSection
EndGlobal
